
Microsoft Visual Studio Solution File, Format Version 12.00
# Visual Studio Version 16
VisualStudioVersion = 16.0.31911.196
MinimumVisualStudioVersion = 10.0.40219.1
Project("{FAE04EC0-301F-11D3-BF4B-00C04F79EFBC}") = "WebApi", "WebApi.csproj", "{859CF4BB-DFD8-437F-BF9F-8FD8A38E1FAD}"
EndProject
Global
	GlobalSection(SolutionConfigurationPlatforms) = preSolution
		Debug|Any CPU = Debug|Any CPU
		Release|Any CPU = Release|Any CPU
	EndGlobalSection
	GlobalSection(ProjectConfigurationPlatforms) = postSolution
		{859CF4BB-DFD8-437F-BF9F-8FD8A38E1FAD}.Debug|Any CPU.ActiveCfg = Debug|Any CPU
		{859CF4BB-DFD8-437F-BF9F-8FD8A38E1FAD}.Debug|Any CPU.Build.0 = Debug|Any CPU
		{859CF4BB-DFD8-437F-BF9F-8FD8A38E1FAD}.Release|Any CPU.ActiveCfg = Release|Any CPU
		{859CF4BB-DFD8-437F-BF9F-8FD8A38E1FAD}.Release|Any CPU.Build.0 = Release|Any CPU
	EndGlobalSection
	GlobalSection(SolutionProperties) = preSolution
		HideSolutionNode = FALSE
	EndGlobalSection
	GlobalSection(ExtensibilityGlobals) = postSolution
		SolutionGuid = {661BBD1A-11A3-40E3-998F-8F33B4ED3372}
	EndGlobalSection
EndGlobal
